<?xml version="1.0" encoding="utf-8"?>
<Project ToolsVersion="4.0" xmlns="http://schemas.microsoft.com/developer/msbuild/2003">
  <ItemGroup>
    <Filter Include="Source Files">
      <UniqueIdentifier>{4FC737F1-C7A5-4376-A066-2A32D752A2FF}</UniqueIdentifier>
      <Extensions>cpp;c;cc;cxx;c++;cppm;ixx;def;odl;idl;hpj;bat;asm;asmx</Extensions>
    </Filter>
    <Filter Include="Header Files">
      <UniqueIdentifier>{93995380-89BD-4b04-88EB-625FBE52EBFB}</UniqueIdentifier>
      <Extensions>h;hh;hpp;hxx;h++;hm;inl;inc;ipp;xsd</Extensions>
    </Filter>
    <Filter Include="Resource Files">
      <UniqueIdentifier>{67DA6AB6-F800-4c08-8B7A-83BB121AAD01}</UniqueIdentifier>
      <Extensions>rc;ico;cur;bmp;dlg;rc2;rct;bin;rgs;gif;jpg;jpeg;jpe;resx;tiff;tif;png;wav;mfcribbon-ms</Extensions>
    </Filter>
    <Filter Include="Header Files\utils">
      <UniqueIdentifier>{f41e40f0-647a-4f83-897d-d28b3d661e37}</UniqueIdentifier>
    </Filter>
    <Filter Include="Source Files\utils">
      <UniqueIdentifier>{882f18e5-820e-4a28-94bf-3b18f0a483f7}</UniqueIdentifier>
    </Filter>
    <Filter Include="libs">
      <UniqueIdentifier>{30ed3812-466e-43d1-b8a2-367882daa7dd}</UniqueIdentifier>
    </Filter>
    <Filter Include="libs\fmt">
      <UniqueIdentifier>{4e1d0ea1-47f2-42c3-a382-2a75711fbe8f}</UniqueIdentifier>
    </Filter>
    <Filter Include="libs\sqlite">
      <UniqueIdentifier>{cf1d0355-c7e2-41b6-9a73-63801df4a88c}</UniqueIdentifier>
    </Filter>
    <Filter Include="libs\lodepng">
      <UniqueIdentifier>{1e60b691-2095-46e1-9760-a5d39f105ac2}</UniqueIdentifier>
    </Filter>
    <Filter Include="Source Files\gui">
      <UniqueIdentifier>{89a830e2-9a23-4ada-8f00-2e8e92ec48f5}</UniqueIdentifier>
    </Filter>
    <Filter Include="Header Files\gui">
      <UniqueIdentifier>{3363a75f-de1b-4e74-a09a-a1371011e66d}</UniqueIdentifier>
    </Filter>
    <Filter Include="libs\enumser">
      <UniqueIdentifier>{d5edb721-26b3-48dd-9bd3-a42ff132cae0}</UniqueIdentifier>
    </Filter>
  </ItemGroup>
  <ItemGroup>
    <ClInclude Include="libs\fmt\color.h">
      <Filter>libs\fmt</Filter>
    </ClInclude>
    <ClInclude Include="libs\fmt\compile.h">
      <Filter>libs\fmt</Filter>
    </ClInclude>
    <ClInclude Include="libs\fmt\core.h">
      <Filter>libs\fmt</Filter>
    </ClInclude>
    <ClInclude Include="libs\fmt\format.h">
      <Filter>libs\fmt</Filter>
    </ClInclude>
    <ClInclude Include="libs\fmt\format-inl.h">
      <Filter>libs\fmt</Filter>
    </ClInclude>
    <ClInclude Include="libs\fmt\chrono.h">
      <Filter>libs\fmt</Filter>
    </ClInclude>
    <ClInclude Include="libs\fmt\locale.h">
      <Filter>libs\fmt</Filter>
    </ClInclude>
    <ClInclude Include="libs\fmt\os.h">
      <Filter>libs\fmt</Filter>
    </ClInclude>
    <ClInclude Include="libs\fmt\ostream.h">
      <Filter>libs\fmt</Filter>
    </ClInclude>
    <ClInclude Include="libs\fmt\posix.h">
      <Filter>libs\fmt</Filter>
    </ClInclude>
    <ClInclude Include="libs\fmt\printf.h">
      <Filter>libs\fmt</Filter>
    </ClInclude>
    <ClInclude Include="libs\fmt\ranges.h">
      <Filter>libs\fmt</Filter>
    </ClInclude>
    <ClInclude Include="libs\sqlite\sqlite3.h">
      <Filter>libs\sqlite</Filter>
    </ClInclude>
    <ClInclude Include="libs\sqlite\sqlite3ext.h">
      <Filter>libs\sqlite</Filter>
    </ClInclude>
    <ClInclude Include="libs\lodepng\lodepng.h">
      <Filter>libs\lodepng</Filter>
    </ClInclude>
    <ClInclude Include="libs\enumser\enumser.h">
      <Filter>libs\enumser</Filter>
    </ClInclude>
    <ClInclude Include="src\gui\Configuration.h">
      <Filter>Header Files\gui</Filter>
    </ClInclude>
    <ClInclude Include="src\gui\Editor.h">
      <Filter>Header Files\gui</Filter>
    </ClInclude>
    <ClInclude Include="src\gui\EscaperPanel.h">
      <Filter>Header Files\gui</Filter>
    </ClInclude>
    <ClInclude Include="src\gui\gui_id.h">
      <Filter>Header Files\gui</Filter>
    </ClInclude>
    <ClInclude Include="src\gui\LogPanel.h">
      <Filter>Header Files\gui</Filter>
    </ClInclude>
    <ClInclude Include="src\gui\main_frame.h">
      <Filter>Header Files\gui</Filter>
    </ClInclude>
    <ClInclude Include="src\gui\MainPanel.h">
      <Filter>Header Files\gui</Filter>
    </ClInclude>
    <ClInclude Include="src\gui\ParserPanel.h">
      <Filter>Header Files\gui</Filter>
    </ClInclude>
    <ClInclude Include="src\gui\TrayIcon.h">
      <Filter>Header Files\gui</Filter>
    </ClInclude>
    <ClInclude Include="src\commitid.h">
      <Filter>Header Files</Filter>
    </ClInclude>
    <ClInclude Include="src\CustomKeyboard.h">
      <Filter>Header Files</Filter>
    </ClInclude>
    <ClInclude Include="src\CustomMacro.h">
      <Filter>Header Files</Filter>
    </ClInclude>
    <ClInclude Include="src\Database.h">
      <Filter>Header Files</Filter>
    </ClInclude>
    <ClInclude Include="src\DirectoryBackup.h">
      <Filter>Header Files</Filter>
    </ClInclude>
    <ClInclude Include="src\framework.h">
      <Filter>Header Files</Filter>
    </ClInclude>
    <ClInclude Include="src\GuiEditor.h">
      <Filter>Header Files</Filter>
    </ClInclude>
    <ClInclude Include="src\Logger.h">
      <Filter>Header Files</Filter>
    </ClInclude>
    <ClInclude Include="src\PathSeparator.h">
      <Filter>Header Files</Filter>
    </ClInclude>
    <ClInclude Include="src\PrintScreenSaver.h">
      <Filter>Header Files</Filter>
    </ClInclude>
    <ClInclude Include="src\Resource.h">
      <Filter>Header Files</Filter>
    </ClInclude>
    <ClInclude Include="src\Sensors.h">
      <Filter>Header Files</Filter>
    </ClInclude>
    <ClInclude Include="src\Server.h">
      <Filter>Header Files</Filter>
    </ClInclude>
    <ClInclude Include="src\Session.h">
      <Filter>Header Files</Filter>
    </ClInclude>
    <ClInclude Include="src\Settings.h">
      <Filter>Header Files</Filter>
    </ClInclude>
    <ClInclude Include="src\StructParser.h">
      <Filter>Header Files</Filter>
    </ClInclude>
    <ClInclude Include="src\targetver.h">
      <Filter>Header Files</Filter>
    </ClInclude>
    <ClInclude Include="src\utils\AsyncSerial.h">
      <Filter>Header Files\utils</Filter>
    </ClInclude>
    <ClInclude Include="src\utils\CSingleton.h">
      <Filter>Header Files\utils</Filter>
    </ClInclude>
    <ClInclude Include="src\pch.h">
      <Filter>Header Files</Filter>
    </ClInclude>
    <ClInclude Include="src\gui\pch.h">
      <Filter>Header Files\gui</Filter>
    </ClInclude>
    <ClInclude Include="src\gui\ConfigurationBackup.h">
      <Filter>Header Files\gui</Filter>
    </ClInclude>
    <ClInclude Include="src\SymlinkCreator.h">
      <Filter>Header Files</Filter>
    </ClInclude>
    <ClInclude Include="src\MacroRecorder.h">
      <Filter>Header Files</Filter>
    </ClInclude>
    <ClInclude Include="resource.h">
      <Filter>Header Files</Filter>
    </ClInclude>
  </ItemGroup>
  <ItemGroup>
    <ClCompile Include="libs\sqlite\shell.c">
      <Filter>libs\sqlite</Filter>
    </ClCompile>
    <ClCompile Include="libs\sqlite\sqlite3.c">
      <Filter>libs\sqlite</Filter>
    </ClCompile>
    <ClCompile Include="libs\fmt\format.cc">
      <Filter>libs\fmt</Filter>
    </ClCompile>
    <ClCompile Include="libs\fmt\os.cc">
      <Filter>libs\fmt</Filter>
    </ClCompile>
    <ClCompile Include="libs\lodepng\lodepng.cpp">
      <Filter>libs\lodepng</Filter>
    </ClCompile>
    <ClCompile Include="libs\enumser\enumser.cpp">
      <Filter>libs\enumser</Filter>
    </ClCompile>
    <ClCompile Include="src\gui\Configuration.cpp">
      <Filter>Source Files\gui</Filter>
    </ClCompile>
    <ClCompile Include="src\gui\Editor.cpp">
      <Filter>Source Files\gui</Filter>
    </ClCompile>
    <ClCompile Include="src\gui\EscaperPanel.cpp">
      <Filter>Source Files\gui</Filter>
    </ClCompile>
    <ClCompile Include="src\gui\LogPanel.cpp">
      <Filter>Source Files\gui</Filter>
    </ClCompile>
    <ClCompile Include="src\gui\main_frame.cpp">
      <Filter>Source Files\gui</Filter>
    </ClCompile>
    <ClCompile Include="src\gui\MainPanel.cpp">
      <Filter>Source Files\gui</Filter>
    </ClCompile>
    <ClCompile Include="src\gui\ParserPanel.cpp">
      <Filter>Source Files\gui</Filter>
    </ClCompile>
    <ClCompile Include="src\gui\TrayIcon.cpp">
      <Filter>Source Files\gui</Filter>
    </ClCompile>
    <ClCompile Include="src\utils\AsyncSerial.cpp">
      <Filter>Source Files\utils</Filter>
    </ClCompile>
    <ClCompile Include="src\CustomKeyboard.cpp">
      <Filter>Source Files</Filter>
    </ClCompile>
    <ClCompile Include="src\CustomMacro.cpp">
      <Filter>Source Files</Filter>
    </ClCompile>
    <ClCompile Include="src\Database.cpp">
      <Filter>Source Files</Filter>
    </ClCompile>
    <ClCompile Include="src\DirectoryBackup.cpp">
      <Filter>Source Files</Filter>
    </ClCompile>
    <ClCompile Include="src\GuiEditor.cpp">
      <Filter>Source Files</Filter>
    </ClCompile>
    <ClCompile Include="src\Logger.cpp">
      <Filter>Source Files</Filter>
    </ClCompile>
    <ClCompile Include="src\PathSeparator.cpp">
      <Filter>Source Files</Filter>
    </ClCompile>
    <ClCompile Include="src\PrintScreenSaver.cpp">
      <Filter>Source Files</Filter>
    </ClCompile>
    <ClCompile Include="src\Sensors.cpp">
      <Filter>Source Files</Filter>
    </ClCompile>
    <ClCompile Include="src\Server.cpp">
      <Filter>Source Files</Filter>
    </ClCompile>
    <ClCompile Include="src\Session.cpp">
      <Filter>Source Files</Filter>
    </ClCompile>
    <ClCompile Include="src\Settings.cpp">
      <Filter>Source Files</Filter>
    </ClCompile>
    <ClCompile Include="src\StructParser.cpp">
      <Filter>Source Files</Filter>
    </ClCompile>
    <ClCompile Include="src\pch.cpp">
      <Filter>Source Files</Filter>
    </ClCompile>
    <ClCompile Include="src\gui\ConfigurationBackup.cpp">
      <Filter>Source Files\gui</Filter>
    </ClCompile>
    <ClCompile Include="src\SymlinkCreator.cpp">
      <Filter>Source Files</Filter>
    </ClCompile>
    <ClCompile Include="src\MacroRecorder.cpp">
      <Filter>Source Files</Filter>
    </ClCompile>
  </ItemGroup>
  <ItemGroup>
    <ResourceCompile Include="CustomKeyboard.rc">
      <Filter>Resource Files</Filter>
    </ResourceCompile>
  </ItemGroup>
  <ItemGroup>
    <Image Include="small.ico">
      <Filter>Resource Files</Filter>
    </Image>
    <Image Include="CustomKeyboard.ico">
      <Filter>Resource Files</Filter>
    </Image>
    <Image Include="icon.ico">
      <Filter>Resource Files</Filter>
    </Image>
  </ItemGroup>
  <ItemGroup>
    <None Include="settings.ini" />
  </ItemGroup>
</Project>